
Microsoft Visual Studio Solution File, Format Version 12.00
# Visual Studio Version 17
VisualStudioVersion = 17.7.34031.279
MinimumVisualStudioVersion = 10.0.40219.1
Project("{2150E333-8FDC-42A3-9474-1A3956D46DE8}") = "src", "src", "{C9E63919-94DD-4269-A5D9-E8BCAB75B4AC}"
EndProject
Project("{2150E333-8FDC-42A3-9474-1A3956D46DE8}") = "test", "test", "{AF1BAD4E-22A6-4414-AA22-8F5593E81A29}"
EndProject
Project("{2150E333-8FDC-42A3-9474-1A3956D46DE8}") = "Core", "Core", "{3A9C8681-DE2B-47A9-80F3-2F72F259CFE3}"
EndProject
Project("{2150E333-8FDC-42A3-9474-1A3956D46DE8}") = "Domain", "Domain", "{867C0B61-AEDF-415B-A841-FCF5BCB1DB17}"
EndProject
Project("{2150E333-8FDC-42A3-9474-1A3956D46DE8}") = "Application", "Application", "{C02D977F-C5FB-4C0F-B946-C0FAA5A862A6}"
EndProject
Project("{2150E333-8FDC-42A3-9474-1A3956D46DE8}") = "Infrastruture", "Infrastruture", "{EC29948E-5C23-4A1A-93AD-1BEE6DB3E537}"
EndProject
Project("{2150E333-8FDC-42A3-9474-1A3956D46DE8}") = "API", "API", "{F0DF6B1F-5A80-478B-9FE9-6D347C76A62F}"
EndProject
Project("{2150E333-8FDC-42A3-9474-1A3956D46DE8}") = "UI", "UI", "{0BCBE2BE-B69F-41B1-B44A-AD8A3147721F}"
EndProject
Project("{9A19103F-16F7-4668-BE54-9A1E7A4F7556}") = "ECommerce.Domain", "ECommerce.Domain\ECommerce.Domain.csproj", "{EF8B6A1B-D088-431C-9B1A-E454F12A36B3}"
EndProject
Project("{9A19103F-16F7-4668-BE54-9A1E7A4F7556}") = "ECommerce.Infrastructure", "Infrastructure\ECommerce.Infrastructure.csproj", "{8400DBF2-0426-46E2-95C9-6174D1BC342F}"
EndProject
Project("{9A19103F-16F7-4668-BE54-9A1E7A4F7556}") = "ECommerce.Application", "ECommerce.Application\ECommerce.Application.csproj", "{D645FDE1-52CF-4B6B-AF31-B47F147C610E}"
EndProject
Project("{9A19103F-16F7-4668-BE54-9A1E7A4F7556}") = "Test1", "Test1\Test1.csproj", "{ABC53A5B-FF83-4CB1-8D6E-4AFF847656D8}"
EndProject
Project("{9A19103F-16F7-4668-BE54-9A1E7A4F7556}") = "E-Commerce-Application.API", "E-Commerce-Application.API\E-Commerce-Application.API.csproj", "{F4D43EB2-7AE4-4122-850E-441801551F4B}"
EndProject
Project("{FAE04EC0-301F-11D3-BF4B-00C04F79EFBC}") = "ECommerce.Identity", "ECommerce.Identity\ECommerce.Identity.csproj", "{32F10D05-D79C-472D-AA86-852EEE7BB581}"
EndProject
Global
	GlobalSection(SolutionConfigurationPlatforms) = preSolution
		Debug|Any CPU = Debug|Any CPU
		Release|Any CPU = Release|Any CPU
	EndGlobalSection
	GlobalSection(ProjectConfigurationPlatforms) = postSolution
		{EF8B6A1B-D088-431C-9B1A-E454F12A36B3}.Debug|Any CPU.ActiveCfg = Debug|Any CPU
		{EF8B6A1B-D088-431C-9B1A-E454F12A36B3}.Debug|Any CPU.Build.0 = Debug|Any CPU
		{EF8B6A1B-D088-431C-9B1A-E454F12A36B3}.Release|Any CPU.ActiveCfg = Release|Any CPU
		{EF8B6A1B-D088-431C-9B1A-E454F12A36B3}.Release|Any CPU.Build.0 = Release|Any CPU
		{8400DBF2-0426-46E2-95C9-6174D1BC342F}.Debug|Any CPU.ActiveCfg = Debug|Any CPU
		{8400DBF2-0426-46E2-95C9-6174D1BC342F}.Debug|Any CPU.Build.0 = Debug|Any CPU
		{8400DBF2-0426-46E2-95C9-6174D1BC342F}.Release|Any CPU.ActiveCfg = Release|Any CPU
		{8400DBF2-0426-46E2-95C9-6174D1BC342F}.Release|Any CPU.Build.0 = Release|Any CPU
		{D645FDE1-52CF-4B6B-AF31-B47F147C610E}.Debug|Any CPU.ActiveCfg = Debug|Any CPU
		{D645FDE1-52CF-4B6B-AF31-B47F147C610E}.Debug|Any CPU.Build.0 = Debug|Any CPU
		{D645FDE1-52CF-4B6B-AF31-B47F147C610E}.Release|Any CPU.ActiveCfg = Release|Any CPU
		{D645FDE1-52CF-4B6B-AF31-B47F147C610E}.Release|Any CPU.Build.0 = Release|Any CPU
		{ABC53A5B-FF83-4CB1-8D6E-4AFF847656D8}.Debug|Any CPU.ActiveCfg = Debug|Any CPU
		{ABC53A5B-FF83-4CB1-8D6E-4AFF847656D8}.Debug|Any CPU.Build.0 = Debug|Any CPU
		{ABC53A5B-FF83-4CB1-8D6E-4AFF847656D8}.Release|Any CPU.ActiveCfg = Release|Any CPU
		{ABC53A5B-FF83-4CB1-8D6E-4AFF847656D8}.Release|Any CPU.Build.0 = Release|Any CPU
		{F4D43EB2-7AE4-4122-850E-441801551F4B}.Debug|Any CPU.ActiveCfg = Debug|Any CPU
		{F4D43EB2-7AE4-4122-850E-441801551F4B}.Debug|Any CPU.Build.0 = Debug|Any CPU
		{F4D43EB2-7AE4-4122-850E-441801551F4B}.Release|Any CPU.ActiveCfg = Release|Any CPU
		{F4D43EB2-7AE4-4122-850E-441801551F4B}.Release|Any CPU.Build.0 = Release|Any CPU
		{32F10D05-D79C-472D-AA86-852EEE7BB581}.Debug|Any CPU.ActiveCfg = Debug|Any CPU
		{32F10D05-D79C-472D-AA86-852EEE7BB581}.Debug|Any CPU.Build.0 = Debug|Any CPU
		{32F10D05-D79C-472D-AA86-852EEE7BB581}.Release|Any CPU.ActiveCfg = Release|Any CPU
		{32F10D05-D79C-472D-AA86-852EEE7BB581}.Release|Any CPU.Build.0 = Release|Any CPU
	EndGlobalSection
	GlobalSection(SolutionProperties) = preSolution
		HideSolutionNode = FALSE
	EndGlobalSection
	GlobalSection(NestedProjects) = preSolution
		{3A9C8681-DE2B-47A9-80F3-2F72F259CFE3} = {C9E63919-94DD-4269-A5D9-E8BCAB75B4AC}
		{867C0B61-AEDF-415B-A841-FCF5BCB1DB17} = {3A9C8681-DE2B-47A9-80F3-2F72F259CFE3}
		{C02D977F-C5FB-4C0F-B946-C0FAA5A862A6} = {3A9C8681-DE2B-47A9-80F3-2F72F259CFE3}
		{EC29948E-5C23-4A1A-93AD-1BEE6DB3E537} = {C9E63919-94DD-4269-A5D9-E8BCAB75B4AC}
		{F0DF6B1F-5A80-478B-9FE9-6D347C76A62F} = {C9E63919-94DD-4269-A5D9-E8BCAB75B4AC}
		{0BCBE2BE-B69F-41B1-B44A-AD8A3147721F} = {C9E63919-94DD-4269-A5D9-E8BCAB75B4AC}
		{EF8B6A1B-D088-431C-9B1A-E454F12A36B3} = {867C0B61-AEDF-415B-A841-FCF5BCB1DB17}
		{8400DBF2-0426-46E2-95C9-6174D1BC342F} = {EC29948E-5C23-4A1A-93AD-1BEE6DB3E537}
		{D645FDE1-52CF-4B6B-AF31-B47F147C610E} = {C02D977F-C5FB-4C0F-B946-C0FAA5A862A6}
		{ABC53A5B-FF83-4CB1-8D6E-4AFF847656D8} = {AF1BAD4E-22A6-4414-AA22-8F5593E81A29}
		{F4D43EB2-7AE4-4122-850E-441801551F4B} = {F0DF6B1F-5A80-478B-9FE9-6D347C76A62F}
		{32F10D05-D79C-472D-AA86-852EEE7BB581} = {EC29948E-5C23-4A1A-93AD-1BEE6DB3E537}
	EndGlobalSection
	GlobalSection(ExtensibilityGlobals) = postSolution
		SolutionGuid = {43255548-4141-4516-8ED1-0432E70D4DE5}
	EndGlobalSection
EndGlobal
